// !$*UTF8*$!
{
	archiveVersion = 1;
	classes = {
	};
	objectVersion = 56;
	objects = {

/* Begin PBXBuildFile section */
		CE42D6F729E47F5D00065FF2 /* CarouselUIModel.swift in Sources */ = {isa = PBXBuildFile; fileRef = CE42D6F629E47F5C00065FF2 /* CarouselUIModel.swift */; };
		CE42D6F929E4803F00065FF2 /* CarouselComponent.swift in Sources */ = {isa = PBXBuildFile; fileRef = CE42D6F829E4803F00065FF2 /* CarouselComponent.swift */; };
		CE42D6FC29E485F300065FF2 /* CarouselView.swift in Sources */ = {isa = PBXBuildFile; fileRef = CE42D6FB29E485F300065FF2 /* CarouselView.swift */; };
		CE42D6FF29E4A4DD00065FF2 /* Action.swift in Sources */ = {isa = PBXBuildFile; fileRef = CE42D6FE29E4A4DD00065FF2 /* Action.swift */; };
		CE42D70229E4A52C00065FF2 /* Route.swift in Sources */ = {isa = PBXBuildFile; fileRef = CE42D70129E4A52C00065FF2 /* Route.swift */; };
		CE42D70429E4A5F400065FF2 /* Navigator.swift in Sources */ = {isa = PBXBuildFile; fileRef = CE42D70329E4A5F400065FF2 /* Navigator.swift */; };
		CE528FC829D226CA006D1374 /* PetsApp.swift in Sources */ = {isa = PBXBuildFile; fileRef = CE528FC729D226CA006D1374 /* PetsApp.swift */; };
		CE528FCA29D226CA006D1374 /* ContentView.swift in Sources */ = {isa = PBXBuildFile; fileRef = CE528FC929D226CA006D1374 /* ContentView.swift */; };
		CE528FCC29D226CC006D1374 /* Assets.xcassets in Resources */ = {isa = PBXBuildFile; fileRef = CE528FCB29D226CC006D1374 /* Assets.xcassets */; };
		CE528FD029D226CC006D1374 /* Preview Assets.xcassets in Resources */ = {isa = PBXBuildFile; fileRef = CE528FCF29D226CC006D1374 /* Preview Assets.xcassets */; };
		CE528FDA29D226CD006D1374 /* PetsTests.swift in Sources */ = {isa = PBXBuildFile; fileRef = CE528FD929D226CD006D1374 /* PetsTests.swift */; };
		CE528FE429D226CD006D1374 /* PetsUITests.swift in Sources */ = {isa = PBXBuildFile; fileRef = CE528FE329D226CD006D1374 /* PetsUITests.swift */; };
		CE528FE629D226CD006D1374 /* PetsUITestsLaunchTests.swift in Sources */ = {isa = PBXBuildFile; fileRef = CE528FE529D226CD006D1374 /* PetsUITestsLaunchTests.swift */; };
		CE528FF329D2279D006D1374 /* Webservice.swift in Sources */ = {isa = PBXBuildFile; fileRef = CE528FF229D2279D006D1374 /* Webservice.swift */; };
		CE528FF629D227FB006D1374 /* Constants.swift in Sources */ = {isa = PBXBuildFile; fileRef = CE528FF529D227FB006D1374 /* Constants.swift */; };
		CE528FF929D3471B006D1374 /* ScreenModel.swift in Sources */ = {isa = PBXBuildFile; fileRef = CE528FF829D3471B006D1374 /* ScreenModel.swift */; };
		CE528FFD29D35372006D1374 /* UIComponent.swift in Sources */ = {isa = PBXBuildFile; fileRef = CE528FFC29D35372006D1374 /* UIComponent.swift */; };
		CE528FFF29D353FE006D1374 /* FeaturedImageComponent.swift in Sources */ = {isa = PBXBuildFile; fileRef = CE528FFE29D353FE006D1374 /* FeaturedImageComponent.swift */; };
		CE52900129D354AF006D1374 /* FeaturedImageUIModel.swift in Sources */ = {isa = PBXBuildFile; fileRef = CE52900029D354AE006D1374 /* FeaturedImageUIModel.swift */; };
		CE52900329D35617006D1374 /* View+Extensions.swift in Sources */ = {isa = PBXBuildFile; fileRef = CE52900229D35616006D1374 /* View+Extensions.swift */; };
		CE52900729D37485006D1374 /* PetListViewModel.swift in Sources */ = {isa = PBXBuildFile; fileRef = CE52900629D37485006D1374 /* PetListViewModel.swift */; };
		CE52900929D37622006D1374 /* Dictionary+Extensions.swift in Sources */ = {isa = PBXBuildFile; fileRef = CE52900829D37622006D1374 /* Dictionary+Extensions.swift */; };
		CE52900D29D49950006D1374 /* pet-listing.json in Resources */ = {isa = PBXBuildFile; fileRef = CE52900C29D49950006D1374 /* pet-listing.json */; };
		CE52900F29D49E73006D1374 /* LocalService.swift in Sources */ = {isa = PBXBuildFile; fileRef = CE52900E29D49E73006D1374 /* LocalService.swift */; };
		CE52901129D49EC0006D1374 /* ServiceProtocol.swift in Sources */ = {isa = PBXBuildFile; fileRef = CE52901029D49EC0006D1374 /* ServiceProtocol.swift */; };
		CE52901329D75FBE006D1374 /* JSON.swift in Sources */ = {isa = PBXBuildFile; fileRef = CE52901229D75FBE006D1374 /* JSON.swift */; };
		CE69A1D629E779A500D45684 /* CardDetailViewModel.swift in Sources */ = {isa = PBXBuildFile; fileRef = CE69A1D529E779A500D45684 /* CardDetailViewModel.swift */; };
		CE69A1D829E77BB600D45684 /* CardDetailScreen.swift in Sources */ = {isa = PBXBuildFile; fileRef = CE69A1D729E77BB600D45684 /* CardDetailScreen.swift */; };
		CE69A1DA29E86A3E00D45684 /* TextRowUIModel.swift in Sources */ = {isa = PBXBuildFile; fileRef = CE69A1D929E86A3E00D45684 /* TextRowUIModel.swift */; };
		CE69A1DC29E86BE100D45684 /* TextRowComponent.swift in Sources */ = {isa = PBXBuildFile; fileRef = CE69A1DB29E86BE100D45684 /* TextRowComponent.swift */; };
		CE69A1DE29E888DA00D45684 /* RatingRowUIModel.swift in Sources */ = {isa = PBXBuildFile; fileRef = CE69A1DD29E888DA00D45684 /* RatingRowUIModel.swift */; };
		CE69A1E029E889AC00D45684 /* RatingComponent.swift in Sources */ = {isa = PBXBuildFile; fileRef = CE69A1DF29E889AC00D45684 /* RatingComponent.swift */; };
		CE69A1E229E8981500D45684 /* RatingView.swift in Sources */ = {isa = PBXBuildFile; fileRef = CE69A1E129E8981500D45684 /* RatingView.swift */; };
		CE69A1E429E9ACB600D45684 /* ListUIModel.swift in Sources */ = {isa = PBXBuildFile; fileRef = CE69A1E329E9ACB600D45684 /* ListUIModel.swift */; };
		CE69A1E629E9BE7E00D45684 /* ListComponent.swift in Sources */ = {isa = PBXBuildFile; fileRef = CE69A1E529E9BE7E00D45684 /* ListComponent.swift */; };
		CE69A1E829E9BF5700D45684 /* RowComponent.swift in Sources */ = {isa = PBXBuildFile; fileRef = CE69A1E729E9BF5700D45684 /* RowComponent.swift */; };
		CEF74DFD29EDB57600E2F716 /* EmptyComponent.swift in Sources */ = {isa = PBXBuildFile; fileRef = CEF74DFC29EDB57600E2F716 /* EmptyComponent.swift */; };
/* End PBXBuildFile section */

/* Begin PBXContainerItemProxy section */
		CE528FD629D226CD006D1374 /* PBXContainerItemProxy */ = {
			isa = PBXContainerItemProxy;
			containerPortal = CE528FBC29D226CA006D1374 /* Project object */;
			proxyType = 1;
			remoteGlobalIDString = CE528FC329D226CA006D1374;
			remoteInfo = Pets;
		};
		CE528FE029D226CD006D1374 /* PBXContainerItemProxy */ = {
			isa = PBXContainerItemProxy;
			containerPortal = CE528FBC29D226CA006D1374 /* Project object */;
			proxyType = 1;
			remoteGlobalIDString = CE528FC329D226CA006D1374;
			remoteInfo = Pets;
		};
/* End PBXContainerItemProxy section */

/* Begin PBXFileReference section */
		CE42D6F629E47F5C00065FF2 /* CarouselUIModel.swift */ = {isa = PBXFileReference; lastKnownFileType = sourcecode.swift; path = CarouselUIModel.swift; sourceTree = "<group>"; };
		CE42D6F829E4803F00065FF2 /* CarouselComponent.swift */ = {isa = PBXFileReference; lastKnownFileType = sourcecode.swift; path = CarouselComponent.swift; sourceTree = "<group>"; };
		CE42D6FB29E485F300065FF2 /* CarouselView.swift */ = {isa = PBXFileReference; lastKnownFileType = sourcecode.swift; path = CarouselView.swift; sourceTree = "<group>"; };
		CE42D6FE29E4A4DD00065FF2 /* Action.swift */ = {isa = PBXFileReference; lastKnownFileType = sourcecode.swift; path = Action.swift; sourceTree = "<group>"; };
		CE42D70129E4A52C00065FF2 /* Route.swift */ = {isa = PBXFileReference; lastKnownFileType = sourcecode.swift; path = Route.swift; sourceTree = "<group>"; };
		CE42D70329E4A5F400065FF2 /* Navigator.swift */ = {isa = PBXFileReference; lastKnownFileType = sourcecode.swift; path = Navigator.swift; sourceTree = "<group>"; };
		CE528FC429D226CA006D1374 /* Pets.app */ = {isa = PBXFileReference; explicitFileType = wrapper.application; includeInIndex = 0; path = Pets.app; sourceTree = BUILT_PRODUCTS_DIR; };
		CE528FC729D226CA006D1374 /* PetsApp.swift */ = {isa = PBXFileReference; lastKnownFileType = sourcecode.swift; path = PetsApp.swift; sourceTree = "<group>"; };
		CE528FC929D226CA006D1374 /* ContentView.swift */ = {isa = PBXFileReference; lastKnownFileType = sourcecode.swift; path = ContentView.swift; sourceTree = "<group>"; };
		CE528FCB29D226CC006D1374 /* Assets.xcassets */ = {isa = PBXFileReference; lastKnownFileType = folder.assetcatalog; path = Assets.xcassets; sourceTree = "<group>"; };
		CE528FCD29D226CC006D1374 /* Pets.entitlements */ = {isa = PBXFileReference; lastKnownFileType = text.plist.entitlements; path = Pets.entitlements; sourceTree = "<group>"; };
		CE528FCF29D226CC006D1374 /* Preview Assets.xcassets */ = {isa = PBXFileReference; lastKnownFileType = folder.assetcatalog; path = "Preview Assets.xcassets"; sourceTree = "<group>"; };
		CE528FD529D226CD006D1374 /* PetsTests.xctest */ = {isa = PBXFileReference; explicitFileType = wrapper.cfbundle; includeInIndex = 0; path = PetsTests.xctest; sourceTree = BUILT_PRODUCTS_DIR; };
		CE528FD929D226CD006D1374 /* PetsTests.swift */ = {isa = PBXFileReference; lastKnownFileType = sourcecode.swift; path = PetsTests.swift; sourceTree = "<group>"; };
		CE528FDF29D226CD006D1374 /* PetsUITests.xctest */ = {isa = PBXFileReference; explicitFileType = wrapper.cfbundle; includeInIndex = 0; path = PetsUITests.xctest; sourceTree = BUILT_PRODUCTS_DIR; };
		CE528FE329D226CD006D1374 /* PetsUITests.swift */ = {isa = PBXFileReference; lastKnownFileType = sourcecode.swift; path = PetsUITests.swift; sourceTree = "<group>"; };
		CE528FE529D226CD006D1374 /* PetsUITestsLaunchTests.swift */ = {isa = PBXFileReference; lastKnownFileType = sourcecode.swift; path = PetsUITestsLaunchTests.swift; sourceTree = "<group>"; };
		CE528FF229D2279D006D1374 /* Webservice.swift */ = {isa = PBXFileReference; lastKnownFileType = sourcecode.swift; path = Webservice.swift; sourceTree = "<group>"; };
		CE528FF529D227FB006D1374 /* Constants.swift */ = {isa = PBXFileReference; lastKnownFileType = sourcecode.swift; path = Constants.swift; sourceTree = "<group>"; };
		CE528FF829D3471B006D1374 /* ScreenModel.swift */ = {isa = PBXFileReference; lastKnownFileType = sourcecode.swift; path = ScreenModel.swift; sourceTree = "<group>"; };
		CE528FFC29D35372006D1374 /* UIComponent.swift */ = {isa = PBXFileReference; lastKnownFileType = sourcecode.swift; path = UIComponent.swift; sourceTree = "<group>"; };
		CE528FFE29D353FE006D1374 /* FeaturedImageComponent.swift */ = {isa = PBXFileReference; lastKnownFileType = sourcecode.swift; path = FeaturedImageComponent.swift; sourceTree = "<group>"; };
		CE52900029D354AE006D1374 /* FeaturedImageUIModel.swift */ = {isa = PBXFileReference; lastKnownFileType = sourcecode.swift; path = FeaturedImageUIModel.swift; sourceTree = "<group>"; };
		CE52900229D35616006D1374 /* View+Extensions.swift */ = {isa = PBXFileReference; lastKnownFileType = sourcecode.swift; path = "View+Extensions.swift"; sourceTree = "<group>"; };
		CE52900629D37485006D1374 /* PetListViewModel.swift */ = {isa = PBXFileReference; lastKnownFileType = sourcecode.swift; path = PetListViewModel.swift; sourceTree = "<group>"; };
		CE52900829D37622006D1374 /* Dictionary+Extensions.swift */ = {isa = PBXFileReference; lastKnownFileType = sourcecode.swift; path = "Dictionary+Extensions.swift"; sourceTree = "<group>"; };
		CE52900C29D49950006D1374 /* pet-listing.json */ = {isa = PBXFileReference; lastKnownFileType = text.json; path = "pet-listing.json"; sourceTree = "<group>"; };
		CE52900E29D49E73006D1374 /* LocalService.swift */ = {isa = PBXFileReference; lastKnownFileType = sourcecode.swift; path = LocalService.swift; sourceTree = "<group>"; };
		CE52901029D49EC0006D1374 /* ServiceProtocol.swift */ = {isa = PBXFileReference; lastKnownFileType = sourcecode.swift; path = ServiceProtocol.swift; sourceTree = "<group>"; };
		CE52901229D75FBE006D1374 /* JSON.swift */ = {isa = PBXFileReference; lastKnownFileType = sourcecode.swift; path = JSON.swift; sourceTree = "<group>"; };
		CE69A1D529E779A500D45684 /* CardDetailViewModel.swift */ = {isa = PBXFileReference; lastKnownFileType = sourcecode.swift; path = CardDetailViewModel.swift; sourceTree = "<group>"; };
		CE69A1D729E77BB600D45684 /* CardDetailScreen.swift */ = {isa = PBXFileReference; lastKnownFileType = sourcecode.swift; path = CardDetailScreen.swift; sourceTree = "<group>"; };
		CE69A1D929E86A3E00D45684 /* TextRowUIModel.swift */ = {isa = PBXFileReference; lastKnownFileType = sourcecode.swift; path = TextRowUIModel.swift; sourceTree = "<group>"; };
		CE69A1DB29E86BE100D45684 /* TextRowComponent.swift */ = {isa = PBXFileReference; lastKnownFileType = sourcecode.swift; path = TextRowComponent.swift; sourceTree = "<group>"; };
		CE69A1DD29E888DA00D45684 /* RatingRowUIModel.swift */ = {isa = PBXFileReference; lastKnownFileType = sourcecode.swift; path = RatingRowUIModel.swift; sourceTree = "<group>"; };
		CE69A1DF29E889AC00D45684 /* RatingComponent.swift */ = {isa = PBXFileReference; lastKnownFileType = sourcecode.swift; path = RatingComponent.swift; sourceTree = "<group>"; };
		CE69A1E129E8981500D45684 /* RatingView.swift */ = {isa = PBXFileReference; lastKnownFileType = sourcecode.swift; path = RatingView.swift; sourceTree = "<group>"; };
		CE69A1E329E9ACB600D45684 /* ListUIModel.swift */ = {isa = PBXFileReference; lastKnownFileType = sourcecode.swift; path = ListUIModel.swift; sourceTree = "<group>"; };
		CE69A1E529E9BE7E00D45684 /* ListComponent.swift */ = {isa = PBXFileReference; lastKnownFileType = sourcecode.swift; path = ListComponent.swift; sourceTree = "<group>"; };
		CE69A1E729E9BF5700D45684 /* RowComponent.swift */ = {isa = PBXFileReference; lastKnownFileType = sourcecode.swift; path = RowComponent.swift; sourceTree = "<group>"; };
		CEF74DFC29EDB57600E2F716 /* EmptyComponent.swift */ = {isa = PBXFileReference; lastKnownFileType = sourcecode.swift; path = EmptyComponent.swift; sourceTree = "<group>"; };
/* End PBXFileReference section */

/* Begin PBXFrameworksBuildPhase section */
		CE528FC129D226CA006D1374 /* Frameworks */ = {
			isa = PBXFrameworksBuildPhase;
			buildActionMask = 2147483647;
			files = (
			);
			runOnlyForDeploymentPostprocessing = 0;
		};
		CE528FD229D226CD006D1374 /* Frameworks */ = {
			isa = PBXFrameworksBuildPhase;
			buildActionMask = 2147483647;
			files = (
			);
			runOnlyForDeploymentPostprocessing = 0;
		};
		CE528FDC29D226CD006D1374 /* Frameworks */ = {
			isa = PBXFrameworksBuildPhase;
			buildActionMask = 2147483647;
			files = (
			);
			runOnlyForDeploymentPostprocessing = 0;
		};
/* End PBXFrameworksBuildPhase section */

/* Begin PBXGroup section */
		CE42D6FA29E4854E00065FF2 /* Views */ = {
			isa = PBXGroup;
			children = (
				CE42D6FB29E485F300065FF2 /* CarouselView.swift */,
				CE69A1E129E8981500D45684 /* RatingView.swift */,
			);
			path = Views;
			sourceTree = "<group>";
		};
		CE42D6FD29E4A4AA00065FF2 /* Actions */ = {
			isa = PBXGroup;
			children = (
				CE42D6FE29E4A4DD00065FF2 /* Action.swift */,
			);
			path = Actions;
			sourceTree = "<group>";
		};
		CE42D70029E4A51800065FF2 /* Navigation */ = {
			isa = PBXGroup;
			children = (
				CE42D70129E4A52C00065FF2 /* Route.swift */,
				CE42D70329E4A5F400065FF2 /* Navigator.swift */,
			);
			path = Navigation;
			sourceTree = "<group>";
		};
		CE528FBB29D226CA006D1374 = {
			isa = PBXGroup;
			children = (
				CE52900C29D49950006D1374 /* pet-listing.json */,
				CE528FC629D226CA006D1374 /* Pets */,
				CE528FD829D226CD006D1374 /* PetsTests */,
				CE528FE229D226CD006D1374 /* PetsUITests */,
				CE528FC529D226CA006D1374 /* Products */,
			);
			sourceTree = "<group>";
		};
		CE528FC529D226CA006D1374 /* Products */ = {
			isa = PBXGroup;
			children = (
				CE528FC429D226CA006D1374 /* Pets.app */,
				CE528FD529D226CD006D1374 /* PetsTests.xctest */,
				CE528FDF29D226CD006D1374 /* PetsUITests.xctest */,
			);
			name = Products;
			sourceTree = "<group>";
		};
		CE528FC629D226CA006D1374 /* Pets */ = {
			isa = PBXGroup;
			children = (
				CE69A1D429E7757600D45684 /* Screens */,
				CE528FFA29D3491B006D1374 /* Services */,
				CE42D70029E4A51800065FF2 /* Navigation */,
				CE42D6FD29E4A4AA00065FF2 /* Actions */,
				CE528FF729D346F9006D1374 /* UIModels */,
				CE42D6FA29E4854E00065FF2 /* Views */,
				CE52900529D36BE6006D1374 /* View Models */,
				CE528FFB29D3533C006D1374 /* Components */,
				CE52900429D3561D006D1374 /* Extensions */,
				CE528FF429D227CD006D1374 /* Utils */,
				CE528FC729D226CA006D1374 /* PetsApp.swift */,
				CE528FC929D226CA006D1374 /* ContentView.swift */,
				CE528FCB29D226CC006D1374 /* Assets.xcassets */,
				CE528FCD29D226CC006D1374 /* Pets.entitlements */,
				CE528FCE29D226CC006D1374 /* Preview Content */,
			);
			path = Pets;
			sourceTree = "<group>";
		};
		CE528FCE29D226CC006D1374 /* Preview Content */ = {
			isa = PBXGroup;
			children = (
				CE528FCF29D226CC006D1374 /* Preview Assets.xcassets */,
			);
			path = "Preview Content";
			sourceTree = "<group>";
		};
		CE528FD829D226CD006D1374 /* PetsTests */ = {
			isa = PBXGroup;
			children = (
				CE528FD929D226CD006D1374 /* PetsTests.swift */,
			);
			path = PetsTests;
			sourceTree = "<group>";
		};
		CE528FE229D226CD006D1374 /* PetsUITests */ = {
			isa = PBXGroup;
			children = (
				CE528FE329D226CD006D1374 /* PetsUITests.swift */,
				CE528FE529D226CD006D1374 /* PetsUITestsLaunchTests.swift */,
			);
			path = PetsUITests;
			sourceTree = "<group>";
		};
		CE528FF429D227CD006D1374 /* Utils */ = {
			isa = PBXGroup;
			children = (
				CE528FF529D227FB006D1374 /* Constants.swift */,
			);
			path = Utils;
			sourceTree = "<group>";
		};
		CE528FF729D346F9006D1374 /* UIModels */ = {
			isa = PBXGroup;
			children = (
				CE52900029D354AE006D1374 /* FeaturedImageUIModel.swift */,
				CE528FF829D3471B006D1374 /* ScreenModel.swift */,
				CE52901229D75FBE006D1374 /* JSON.swift */,
				CE42D6F629E47F5C00065FF2 /* CarouselUIModel.swift */,
				CE69A1D929E86A3E00D45684 /* TextRowUIModel.swift */,
				CE69A1DD29E888DA00D45684 /* RatingRowUIModel.swift */,
				CE69A1E329E9ACB600D45684 /* ListUIModel.swift */,
			);
			path = UIModels;
			sourceTree = "<group>";
		};
		CE528FFA29D3491B006D1374 /* Services */ = {
			isa = PBXGroup;
			children = (
				CE528FF229D2279D006D1374 /* Webservice.swift */,
				CE52900E29D49E73006D1374 /* LocalService.swift */,
				CE52901029D49EC0006D1374 /* ServiceProtocol.swift */,
			);
			path = Services;
			sourceTree = "<group>";
		};
		CE528FFB29D3533C006D1374 /* Components */ = {
			isa = PBXGroup;
			children = (
				CE528FFC29D35372006D1374 /* UIComponent.swift */,
				CE528FFE29D353FE006D1374 /* FeaturedImageComponent.swift */,
				CE42D6F829E4803F00065FF2 /* CarouselComponent.swift */,
				CE69A1DB29E86BE100D45684 /* TextRowComponent.swift */,
				CE69A1DF29E889AC00D45684 /* RatingComponent.swift */,
				CE69A1E529E9BE7E00D45684 /* ListComponent.swift */,
				CE69A1E729E9BF5700D45684 /* RowComponent.swift */,
				CEF74DFC29EDB57600E2F716 /* EmptyComponent.swift */,
			);
			path = Components;
			sourceTree = "<group>";
		};
		CE52900429D3561D006D1374 /* Extensions */ = {
			isa = PBXGroup;
			children = (
				CE52900229D35616006D1374 /* View+Extensions.swift */,
				CE52900829D37622006D1374 /* Dictionary+Extensions.swift */,
			);
			path = Extensions;
			sourceTree = "<group>";
		};
		CE52900529D36BE6006D1374 /* View Models */ = {
			isa = PBXGroup;
			children = (
				CE52900629D37485006D1374 /* PetListViewModel.swift */,
				CE69A1D529E779A500D45684 /* CardDetailViewModel.swift */,
			);
			path = "View Models";
			sourceTree = "<group>";
		};
		CE69A1D429E7757600D45684 /* Screens */ = {
			isa = PBXGroup;
			children = (
				CE69A1D729E77BB600D45684 /* CardDetailScreen.swift */,
			);
			path = Screens;
			sourceTree = "<group>";
		};
/* End PBXGroup section */

/* Begin PBXNativeTarget section */
		CE528FC329D226CA006D1374 /* Pets */ = {
			isa = PBXNativeTarget;
			buildConfigurationList = CE528FE929D226CD006D1374 /* Build configuration list for PBXNativeTarget "Pets" */;
			buildPhases = (
				CE528FC029D226CA006D1374 /* Sources */,
				CE528FC129D226CA006D1374 /* Frameworks */,
				CE528FC229D226CA006D1374 /* Resources */,
			);
			buildRules = (
			);
			dependencies = (
			);
			name = Pets;
			productName = Pets;
			productReference = CE528FC429D226CA006D1374 /* Pets.app */;
			productType = "com.apple.product-type.application";
		};
		CE528FD429D226CD006D1374 /* PetsTests */ = {
			isa = PBXNativeTarget;
			buildConfigurationList = CE528FEC29D226CD006D1374 /* Build configuration list for PBXNativeTarget "PetsTests" */;
			buildPhases = (
				CE528FD129D226CD006D1374 /* Sources */,
				CE528FD229D226CD006D1374 /* Frameworks */,
				CE528FD329D226CD006D1374 /* Resources */,
			);
			buildRules = (
			);
			dependencies = (
				CE528FD729D226CD006D1374 /* PBXTargetDependency */,
			);
			name = PetsTests;
			productName = PetsTests;
			productReference = CE528FD529D226CD006D1374 /* PetsTests.xctest */;
			productType = "com.apple.product-type.bundle.unit-test";
		};
		CE528FDE29D226CD006D1374 /* PetsUITests */ = {
			isa = PBXNativeTarget;
			buildConfigurationList = CE528FEF29D226CD006D1374 /* Build configuration list for PBXNativeTarget "PetsUITests" */;
			buildPhases = (
				CE528FDB29D226CD006D1374 /* Sources */,
				CE528FDC29D226CD006D1374 /* Frameworks */,
				CE528FDD29D226CD006D1374 /* Resources */,
			);
			buildRules = (
			);
			dependencies = (
				CE528FE129D226CD006D1374 /* PBXTargetDependency */,
			);
			name = PetsUITests;
			productName = PetsUITests;
			productReference = CE528FDF29D226CD006D1374 /* PetsUITests.xctest */;
			productType = "com.apple.product-type.bundle.ui-testing";
		};
/* End PBXNativeTarget section */

/* Begin PBXProject section */
		CE528FBC29D226CA006D1374 /* Project object */ = {
			isa = PBXProject;
			attributes = {
				BuildIndependentTargetsInParallel = 1;
				LastSwiftUpdateCheck = 1420;
				LastUpgradeCheck = 1420;
				TargetAttributes = {
					CE528FC329D226CA006D1374 = {
						CreatedOnToolsVersion = 14.2;
					};
					CE528FD429D226CD006D1374 = {
						CreatedOnToolsVersion = 14.2;
						TestTargetID = CE528FC329D226CA006D1374;
					};
					CE528FDE29D226CD006D1374 = {
						CreatedOnToolsVersion = 14.2;
						TestTargetID = CE528FC329D226CA006D1374;
					};
				};
			};
			buildConfigurationList = CE528FBF29D226CA006D1374 /* Build configuration list for PBXProject "Pets" */;
			compatibilityVersion = "Xcode 14.0";
			developmentRegion = en;
			hasScannedForEncodings = 0;
			knownRegions = (
				en,
				Base,
			);
			mainGroup = CE528FBB29D226CA006D1374;
			productRefGroup = CE528FC529D226CA006D1374 /* Products */;
			projectDirPath = "";
			projectRoot = "";
			targets = (
				CE528FC329D226CA006D1374 /* Pets */,
				CE528FD429D226CD006D1374 /* PetsTests */,
				CE528FDE29D226CD006D1374 /* PetsUITests */,
			);
		};
/* End PBXProject section */

/* Begin PBXResourcesBuildPhase section */
		CE528FC229D226CA006D1374 /* Resources */ = {
			isa = PBXResourcesBuildPhase;
			buildActionMask = 2147483647;
			files = (
				CE528FD029D226CC006D1374 /* Preview Assets.xcassets in Resources */,
				CE52900D29D49950006D1374 /* pet-listing.json in Resources */,
				CE528FCC29D226CC006D1374 /* Assets.xcassets in Resources */,
			);
			runOnlyForDeploymentPostprocessing = 0;
		};
		CE528FD329D226CD006D1374 /* Resources */ = {
			isa = PBXResourcesBuildPhase;
			buildActionMask = 2147483647;
			files = (
			);
			runOnlyForDeploymentPostprocessing = 0;
		};
		CE528FDD29D226CD006D1374 /* Resources */ = {
			isa = PBXResourcesBuildPhase;
			buildActionMask = 2147483647;
			files = (
			);
			runOnlyForDeploymentPostprocessing = 0;
		};
/* End PBXResourcesBuildPhase section */

/* Begin PBXSourcesBuildPhase section */
		CE528FC029D226CA006D1374 /* Sources */ = {
			isa = PBXSourcesBuildPhase;
			buildActionMask = 2147483647;
			files = (
				CE528FCA29D226CA006D1374 /* ContentView.swift in Sources */,
				CE69A1DC29E86BE100D45684 /* TextRowComponent.swift in Sources */,
				CE69A1DA29E86A3E00D45684 /* TextRowUIModel.swift in Sources */,
				CE69A1E229E8981500D45684 /* RatingView.swift in Sources */,
				CE42D70429E4A5F400065FF2 /* Navigator.swift in Sources */,
				CE69A1D629E779A500D45684 /* CardDetailViewModel.swift in Sources */,
				CE42D6FF29E4A4DD00065FF2 /* Action.swift in Sources */,
				CE69A1E429E9ACB600D45684 /* ListUIModel.swift in Sources */,
				CE69A1E829E9BF5700D45684 /* RowComponent.swift in Sources */,
				CE69A1D829E77BB600D45684 /* CardDetailScreen.swift in Sources */,
				CE52901329D75FBE006D1374 /* JSON.swift in Sources */,
				CE52900329D35617006D1374 /* View+Extensions.swift in Sources */,
				CE42D6F929E4803F00065FF2 /* CarouselComponent.swift in Sources */,
				CEF74DFD29EDB57600E2F716 /* EmptyComponent.swift in Sources */,
				CE528FFD29D35372006D1374 /* UIComponent.swift in Sources */,
				CE528FFF29D353FE006D1374 /* FeaturedImageComponent.swift in Sources */,
				CE52900729D37485006D1374 /* PetListViewModel.swift in Sources */,
				CE42D6FC29E485F300065FF2 /* CarouselView.swift in Sources */,
				CE52900F29D49E73006D1374 /* LocalService.swift in Sources */,
				CE52901129D49EC0006D1374 /* ServiceProtocol.swift in Sources */,
				CE528FF929D3471B006D1374 /* ScreenModel.swift in Sources */,
				CE42D6F729E47F5D00065FF2 /* CarouselUIModel.swift in Sources */,
				CE528FC829D226CA006D1374 /* PetsApp.swift in Sources */,
				CE69A1E629E9BE7E00D45684 /* ListComponent.swift in Sources */,
				CE528FF329D2279D006D1374 /* Webservice.swift in Sources */,
				CE528FF629D227FB006D1374 /* Constants.swift in Sources */,
				CE69A1DE29E888DA00D45684 /* RatingRowUIModel.swift in Sources */,
				CE69A1E029E889AC00D45684 /* RatingComponent.swift in Sources */,
				CE52900129D354AF006D1374 /* FeaturedImageUIModel.swift in Sources */,
				CE52900929D37622006D1374 /* Dictionary+Extensions.swift in Sources */,
				CE42D70229E4A52C00065FF2 /* Route.swift in Sources */,
			);
			runOnlyForDeploymentPostprocessing = 0;
		};
		CE528FD129D226CD006D1374 /* Sources */ = {
			isa = PBXSourcesBuildPhase;
			buildActionMask = 2147483647;
			files = (
				CE528FDA29D226CD006D1374 /* PetsTests.swift in Sources */,
			);
			runOnlyForDeploymentPostprocessing = 0;
		};
		CE528FDB29D226CD006D1374 /* Sources */ = {
			isa = PBXSourcesBuildPhase;
			buildActionMask = 2147483647;
			files = (
				CE528FE629D226CD006D1374 /* PetsUITestsLaunchTests.swift in Sources */,
				CE528FE429D226CD006D1374 /* PetsUITests.swift in Sources */,
			);
			runOnlyForDeploymentPostprocessing = 0;
		};
/* End PBXSourcesBuildPhase section */

/* Begin PBXTargetDependency section */
		CE528FD729D226CD006D1374 /* PBXTargetDependency */ = {
			isa = PBXTargetDependency;
			target = CE528FC329D226CA006D1374 /* Pets */;
			targetProxy = CE528FD629D226CD006D1374 /* PBXContainerItemProxy */;
		};
		CE528FE129D226CD006D1374 /* PBXTargetDependency */ = {
			isa = PBXTargetDependency;
			target = CE528FC329D226CA006D1374 /* Pets */;
			targetProxy = CE528FE029D226CD006D1374 /* PBXContainerItemProxy */;
		};
/* End PBXTargetDependency section */

/* Begin XCBuildConfiguration section */
		CE528FE729D226CD006D1374 /* Debug */ = {
			isa = XCBuildConfiguration;
			buildSettings = {
				ALWAYS_SEARCH_USER_PATHS = NO;
				CLANG_ANALYZER_NONNULL = YES;
				CLANG_ANALYZER_NUMBER_OBJECT_CONVERSION = YES_AGGRESSIVE;
				CLANG_CXX_LANGUAGE_STANDARD = "gnu++20";
				CLANG_ENABLE_MODULES = YES;
				CLANG_ENABLE_OBJC_ARC = YES;
				CLANG_ENABLE_OBJC_WEAK = YES;
				CLANG_WARN_BLOCK_CAPTURE_AUTORELEASING = YES;
				CLANG_WARN_BOOL_CONVERSION = YES;
				CLANG_WARN_COMMA = YES;
				CLANG_WARN_CONSTANT_CONVERSION = YES;
				CLANG_WARN_DEPRECATED_OBJC_IMPLEMENTATIONS = YES;
				CLANG_WARN_DIRECT_OBJC_ISA_USAGE = YES_ERROR;
				CLANG_WARN_DOCUMENTATION_COMMENTS = YES;
				CLANG_WARN_EMPTY_BODY = YES;
				CLANG_WARN_ENUM_CONVERSION = YES;
				CLANG_WARN_INFINITE_RECURSION = YES;
				CLANG_WARN_INT_CONVERSION = YES;
				CLANG_WARN_NON_LITERAL_NULL_CONVERSION = YES;
				CLANG_WARN_OBJC_IMPLICIT_RETAIN_SELF = YES;
				CLANG_WARN_OBJC_LITERAL_CONVERSION = YES;
				CLANG_WARN_OBJC_ROOT_CLASS = YES_ERROR;
				CLANG_WARN_QUOTED_INCLUDE_IN_FRAMEWORK_HEADER = YES;
				CLANG_WARN_RANGE_LOOP_ANALYSIS = YES;
				CLANG_WARN_STRICT_PROTOTYPES = YES;
				CLANG_WARN_SUSPICIOUS_MOVE = YES;
				CLANG_WARN_UNGUARDED_AVAILABILITY = YES_AGGRESSIVE;
				CLANG_WARN_UNREACHABLE_CODE = YES;
				CLANG_WARN__DUPLICATE_METHOD_MATCH = YES;
				COPY_PHASE_STRIP = NO;
				DEBUG_INFORMATION_FORMAT = dwarf;
				ENABLE_STRICT_OBJC_MSGSEND = YES;
				ENABLE_TESTABILITY = YES;
				GCC_C_LANGUAGE_STANDARD = gnu11;
				GCC_DYNAMIC_NO_PIC = NO;
				GCC_NO_COMMON_BLOCKS = YES;
				GCC_OPTIMIZATION_LEVEL = 0;
				GCC_PREPROCESSOR_DEFINITIONS = (
					"DEBUG=1",
					"$(inherited)",
				);
				GCC_WARN_64_TO_32_BIT_CONVERSION = YES;
				GCC_WARN_ABOUT_RETURN_TYPE = YES_ERROR;
				GCC_WARN_UNDECLARED_SELECTOR = YES;
				GCC_WARN_UNINITIALIZED_AUTOS = YES_AGGRESSIVE;
				GCC_WARN_UNUSED_FUNCTION = YES;
				GCC_WARN_UNUSED_VARIABLE = YES;
				MTL_ENABLE_DEBUG_INFO = INCLUDE_SOURCE;
				MTL_FAST_MATH = YES;
				ONLY_ACTIVE_ARCH = YES;
				SWIFT_ACTIVE_COMPILATION_CONDITIONS = DEBUG;
				SWIFT_OPTIMIZATION_LEVEL = "-Onone";
			};
			name = Debug;
		};
		CE528FE829D226CD006D1374 /* Release */ = {
			isa = XCBuildConfiguration;
			buildSettings = {
				ALWAYS_SEARCH_USER_PATHS = NO;
				CLANG_ANALYZER_NONNULL = YES;
				CLANG_ANALYZER_NUMBER_OBJECT_CONVERSION = YES_AGGRESSIVE;
				CLANG_CXX_LANGUAGE_STANDARD = "gnu++20";
				CLANG_ENABLE_MODULES = YES;
				CLANG_ENABLE_OBJC_ARC = YES;
				CLANG_ENABLE_OBJC_WEAK = YES;
				CLANG_WARN_BLOCK_CAPTURE_AUTORELEASING = YES;
				CLANG_WARN_BOOL_CONVERSION = YES;
				CLANG_WARN_COMMA = YES;
				CLANG_WARN_CONSTANT_CONVERSION = YES;
				CLANG_WARN_DEPRECATED_OBJC_IMPLEMENTATIONS = YES;
				CLANG_WARN_DIRECT_OBJC_ISA_USAGE = YES_ERROR;
				CLANG_WARN_DOCUMENTATION_COMMENTS = YES;
				CLANG_WARN_EMPTY_BODY = YES;
				CLANG_WARN_ENUM_CONVERSION = YES;
				CLANG_WARN_INFINITE_RECURSION = YES;
				CLANG_WARN_INT_CONVERSION = YES;
				CLANG_WARN_NON_LITERAL_NULL_CONVERSION = YES;
				CLANG_WARN_OBJC_IMPLICIT_RETAIN_SELF = YES;
				CLANG_WARN_OBJC_LITERAL_CONVERSION = YES;
				CLANG_WARN_OBJC_ROOT_CLASS = YES_ERROR;
				CLANG_WARN_QUOTED_INCLUDE_IN_FRAMEWORK_HEADER = YES;
				CLANG_WARN_RANGE_LOOP_ANALYSIS = YES;
				CLANG_WARN_STRICT_PROTOTYPES = YES;
				CLANG_WARN_SUSPICIOUS_MOVE = YES;
				CLANG_WARN_UNGUARDED_AVAILABILITY = YES_AGGRESSIVE;
				CLANG_WARN_UNREACHABLE_CODE = YES;
				CLANG_WARN__DUPLICATE_METHOD_MATCH = YES;
				COPY_PHASE_STRIP = NO;
				DEBUG_INFORMATION_FORMAT = "dwarf-with-dsym";
				ENABLE_NS_ASSERTIONS = NO;
				ENABLE_STRICT_OBJC_MSGSEND = YES;
				GCC_C_LANGUAGE_STANDARD = gnu11;
				GCC_NO_COMMON_BLOCKS = YES;
				GCC_WARN_64_TO_32_BIT_CONVERSION = YES;
				GCC_WARN_ABOUT_RETURN_TYPE = YES_ERROR;
				GCC_WARN_UNDECLARED_SELECTOR = YES;
				GCC_WARN_UNINITIALIZED_AUTOS = YES_AGGRESSIVE;
				GCC_WARN_UNUSED_FUNCTION = YES;
				GCC_WARN_UNUSED_VARIABLE = YES;
				MTL_ENABLE_DEBUG_INFO = NO;
				MTL_FAST_MATH = YES;
				SWIFT_COMPILATION_MODE = wholemodule;
				SWIFT_OPTIMIZATION_LEVEL = "-O";
			};
			name = Release;
		};
		CE528FEA29D226CD006D1374 /* Debug */ = {
			isa = XCBuildConfiguration;
			buildSettings = {
				ASSETCATALOG_COMPILER_APPICON_NAME = AppIcon;
				ASSETCATALOG_COMPILER_GLOBAL_ACCENT_COLOR_NAME = AccentColor;
				CODE_SIGN_ENTITLEMENTS = Pets/Pets.entitlements;
				CODE_SIGN_STYLE = Automatic;
				CURRENT_PROJECT_VERSION = 1;
				DEVELOPMENT_ASSET_PATHS = "\"Pets/Preview Content\"";
				ENABLE_PREVIEWS = YES;
				GENERATE_INFOPLIST_FILE = YES;
				"INFOPLIST_KEY_UIApplicationSceneManifest_Generation[sdk=iphoneos*]" = YES;
				"INFOPLIST_KEY_UIApplicationSceneManifest_Generation[sdk=iphonesimulator*]" = YES;
				"INFOPLIST_KEY_UIApplicationSupportsIndirectInputEvents[sdk=iphoneos*]" = YES;
				"INFOPLIST_KEY_UIApplicationSupportsIndirectInputEvents[sdk=iphonesimulator*]" = YES;
				"INFOPLIST_KEY_UILaunchScreen_Generation[sdk=iphoneos*]" = YES;
				"INFOPLIST_KEY_UILaunchScreen_Generation[sdk=iphonesimulator*]" = YES;
				"INFOPLIST_KEY_UIStatusBarStyle[sdk=iphoneos*]" = UIStatusBarStyleDefault;
				"INFOPLIST_KEY_UIStatusBarStyle[sdk=iphonesimulator*]" = UIStatusBarStyleDefault;
				INFOPLIST_KEY_UISupportedInterfaceOrientations_iPad = "UIInterfaceOrientationPortrait UIInterfaceOrientationPortraitUpsideDown UIInterfaceOrientationLandscapeLeft UIInterfaceOrientationLandscapeRight";
				INFOPLIST_KEY_UISupportedInterfaceOrientations_iPhone = "UIInterfaceOrientationPortrait UIInterfaceOrientationLandscapeLeft UIInterfaceOrientationLandscapeRight";
				IPHONEOS_DEPLOYMENT_TARGET = 16.2;
				LD_RUNPATH_SEARCH_PATHS = "@executable_path/Frameworks";
				"LD_RUNPATH_SEARCH_PATHS[sdk=macosx*]" = "@executable_path/../Frameworks";
				MACOSX_DEPLOYMENT_TARGET = 13.1;
				MARKETING_VERSION = 1.0;
				PRODUCT_BUNDLE_IDENTIFIER = com.dmon.Pets;
				PRODUCT_NAME = "$(TARGET_NAME)";
				SDKROOT = auto;
				SUPPORTED_PLATFORMS = "iphoneos iphonesimulator macosx";
				SWIFT_EMIT_LOC_STRINGS = YES;
				SWIFT_VERSION = 5.0;
				TARGETED_DEVICE_FAMILY = "1,2";
			};
			name = Debug;
		};
		CE528FEB29D226CD006D1374 /* Release */ = {
			isa = XCBuildConfiguration;
			buildSettings = {
				ASSETCATALOG_COMPILER_APPICON_NAME = AppIcon;
				ASSETCATALOG_COMPILER_GLOBAL_ACCENT_COLOR_NAME = AccentColor;
				CODE_SIGN_ENTITLEMENTS = Pets/Pets.entitlements;
				CODE_SIGN_STYLE = Automatic;
				CURRENT_PROJECT_VERSION = 1;
				DEVELOPMENT_ASSET_PATHS = "\"Pets/Preview Content\"";
				ENABLE_PREVIEWS = YES;
				GENERATE_INFOPLIST_FILE = YES;
				"INFOPLIST_KEY_UIApplicationSceneManifest_Generation[sdk=iphoneos*]" = YES;
				"INFOPLIST_KEY_UIApplicationSceneManifest_Generation[sdk=iphonesimulator*]" = YES;
				"INFOPLIST_KEY_UIApplicationSupportsIndirectInputEvents[sdk=iphoneos*]" = YES;
				"INFOPLIST_KEY_UIApplicationSupportsIndirectInputEvents[sdk=iphonesimulator*]" = YES;
				"INFOPLIST_KEY_UILaunchScreen_Generation[sdk=iphoneos*]" = YES;
				"INFOPLIST_KEY_UILaunchScreen_Generation[sdk=iphonesimulator*]" = YES;
				"INFOPLIST_KEY_UIStatusBarStyle[sdk=iphoneos*]" = UIStatusBarStyleDefault;
				"INFOPLIST_KEY_UIStatusBarStyle[sdk=iphonesimulator*]" = UIStatusBarStyleDefault;
				INFOPLIST_KEY_UISupportedInterfaceOrientations_iPad = "UIInterfaceOrientationPortrait UIInterfaceOrientationPortraitUpsideDown UIInterfaceOrientationLandscapeLeft UIInterfaceOrientationLandscapeRight";
				INFOPLIST_KEY_UISupportedInterfaceOrientations_iPhone = "UIInterfaceOrientationPortrait UIInterfaceOrientationLandscapeLeft UIInterfaceOrientationLandscapeRight";
				IPHONEOS_DEPLOYMENT_TARGET = 16.2;
				LD_RUNPATH_SEARCH_PATHS = "@executable_path/Frameworks";
				"LD_RUNPATH_SEARCH_PATHS[sdk=macosx*]" = "@executable_path/../Frameworks";
				MACOSX_DEPLOYMENT_TARGET = 13.1;
				MARKETING_VERSION = 1.0;
				PRODUCT_BUNDLE_IDENTIFIER = com.dmon.Pets;
				PRODUCT_NAME = "$(TARGET_NAME)";
				SDKROOT = auto;
				SUPPORTED_PLATFORMS = "iphoneos iphonesimulator macosx";
				SWIFT_EMIT_LOC_STRINGS = YES;
				SWIFT_VERSION = 5.0;
				TARGETED_DEVICE_FAMILY = "1,2";
			};
			name = Release;
		};
		CE528FED29D226CD006D1374 /* Debug */ = {
			isa = XCBuildConfiguration;
			buildSettings = {
				ALWAYS_EMBED_SWIFT_STANDARD_LIBRARIES = YES;
				BUNDLE_LOADER = "$(TEST_HOST)";
				CODE_SIGN_STYLE = Automatic;
				CURRENT_PROJECT_VERSION = 1;
				GENERATE_INFOPLIST_FILE = YES;
				IPHONEOS_DEPLOYMENT_TARGET = 16.2;
				MACOSX_DEPLOYMENT_TARGET = 13.1;
				MARKETING_VERSION = 1.0;
				PRODUCT_BUNDLE_IDENTIFIER = com.dmon.PetsTests;
				PRODUCT_NAME = "$(TARGET_NAME)";
				SDKROOT = auto;
				SUPPORTED_PLATFORMS = "iphoneos iphonesimulator macosx";
				SWIFT_EMIT_LOC_STRINGS = NO;
				SWIFT_VERSION = 5.0;
				TARGETED_DEVICE_FAMILY = "1,2";
				TEST_HOST = "$(BUILT_PRODUCTS_DIR)/Pets.app/$(BUNDLE_EXECUTABLE_FOLDER_PATH)/Pets";
			};
			name = Debug;
		};
		CE528FEE29D226CD006D1374 /* Release */ = {
			isa = XCBuildConfiguration;
			buildSettings = {
				ALWAYS_EMBED_SWIFT_STANDARD_LIBRARIES = YES;
				BUNDLE_LOADER = "$(TEST_HOST)";
				CODE_SIGN_STYLE = Automatic;
				CURRENT_PROJECT_VERSION = 1;
				GENERATE_INFOPLIST_FILE = YES;
				IPHONEOS_DEPLOYMENT_TARGET = 16.2;
				MACOSX_DEPLOYMENT_TARGET = 13.1;
				MARKETING_VERSION = 1.0;
				PRODUCT_BUNDLE_IDENTIFIER = com.dmon.PetsTests;
				PRODUCT_NAME = "$(TARGET_NAME)";
				SDKROOT = auto;
				SUPPORTED_PLATFORMS = "iphoneos iphonesimulator macosx";
				SWIFT_EMIT_LOC_STRINGS = NO;
				SWIFT_VERSION = 5.0;
				TARGETED_DEVICE_FAMILY = "1,2";
				TEST_HOST = "$(BUILT_PRODUCTS_DIR)/Pets.app/$(BUNDLE_EXECUTABLE_FOLDER_PATH)/Pets";
			};
			name = Release;
		};
		CE528FF029D226CD006D1374 /* Debug */ = {
			isa = XCBuildConfiguration;
			buildSettings = {
				ALWAYS_EMBED_SWIFT_STANDARD_LIBRARIES = YES;
				CODE_SIGN_STYLE = Automatic;
				CURRENT_PROJECT_VERSION = 1;
				GENERATE_INFOPLIST_FILE = YES;
				IPHONEOS_DEPLOYMENT_TARGET = 16.2;
				MACOSX_DEPLOYMENT_TARGET = 13.1;
				MARKETING_VERSION = 1.0;
				PRODUCT_BUNDLE_IDENTIFIER = com.dmon.PetsUITests;
				PRODUCT_NAME = "$(TARGET_NAME)";
				SDKROOT = auto;
				SUPPORTED_PLATFORMS = "iphoneos iphonesimulator macosx";
				SWIFT_EMIT_LOC_STRINGS = NO;
				SWIFT_VERSION = 5.0;
				TARGETED_DEVICE_FAMILY = "1,2";
				TEST_TARGET_NAME = Pets;
			};
			name = Debug;
		};
		CE528FF129D226CD006D1374 /* Release */ = {
			isa = XCBuildConfiguration;
			buildSettings = {
				ALWAYS_EMBED_SWIFT_STANDARD_LIBRARIES = YES;
				CODE_SIGN_STYLE = Automatic;
				CURRENT_PROJECT_VERSION = 1;
				GENERATE_INFOPLIST_FILE = YES;
				IPHONEOS_DEPLOYMENT_TARGET = 16.2;
				MACOSX_DEPLOYMENT_TARGET = 13.1;
				MARKETING_VERSION = 1.0;
				PRODUCT_BUNDLE_IDENTIFIER = com.dmon.PetsUITests;
				PRODUCT_NAME = "$(TARGET_NAME)";
				SDKROOT = auto;
				SUPPORTED_PLATFORMS = "iphoneos iphonesimulator macosx";
				SWIFT_EMIT_LOC_STRINGS = NO;
				SWIFT_VERSION = 5.0;
				TARGETED_DEVICE_FAMILY = "1,2";
				TEST_TARGET_NAME = Pets;
			};
			name = Release;
		};
/* End XCBuildConfiguration section */

/* Begin XCConfigurationList section */
		CE528FBF29D226CA006D1374 /* Build configuration list for PBXProject "Pets" */ = {
			isa = XCConfigurationList;
			buildConfigurations = (
				CE528FE729D226CD006D1374 /* Debug */,
				CE528FE829D226CD006D1374 /* Release */,
			);
			defaultConfigurationIsVisible = 0;
			defaultConfigurationName = Release;
		};
		CE528FE929D226CD006D1374 /* Build configuration list for PBXNativeTarget "Pets" */ = {
			isa = XCConfigurationList;
			buildConfigurations = (
				CE528FEA29D226CD006D1374 /* Debug */,
				CE528FEB29D226CD006D1374 /* Release */,
			);
			defaultConfigurationIsVisible = 0;
			defaultConfigurationName = Release;
		};
		CE528FEC29D226CD006D1374 /* Build configuration list for PBXNativeTarget "PetsTests" */ = {
			isa = XCConfigurationList;
			buildConfigurations = (
				CE528FED29D226CD006D1374 /* Debug */,
				CE528FEE29D226CD006D1374 /* Release */,
			);
			defaultConfigurationIsVisible = 0;
			defaultConfigurationName = Release;
		};
		CE528FEF29D226CD006D1374 /* Build configuration list for PBXNativeTarget "PetsUITests" */ = {
			isa = XCConfigurationList;
			buildConfigurations = (
				CE528FF029D226CD006D1374 /* Debug */,
				CE528FF129D226CD006D1374 /* Release */,
			);
			defaultConfigurationIsVisible = 0;
			defaultConfigurationName = Release;
		};
/* End XCConfigurationList section */
	};
	rootObject = CE528FBC29D226CA006D1374 /* Project object */;
}
